{
    "_meta": {
        "hash": {
            "sha256": "766bb420551c57926fe26707a376ae1f00f9becc1f745ce9fb7b5d021af0e511"
        },
        "pipfile-spec": 6,
        "requires": {
            "python_full_version": "3.12.3",
            "python_version": "3.12"
        },
        "sources": [
            {
                "name": "pypi",
                "url": "https://pypi.org/simple",
                "verify_ssl": true
            }
        ]
    },
    "default": {
        "asgiref": {
            "hashes": [
                "sha256:3e1e3ecc849832fe52ccf2cb6686b7a55f82bb1d6aee72a58826471390335e47",
                "sha256:c343bd80a0bec947a9860adb4c432ffa7db769836c64238fc34bdc3fec84d590"
            ],
            "markers": "python_version >= '3.8'",
            "version": "==3.8.1"
        },
        "diff-match-patch": {
            "hashes": [
                "sha256:93cea333fb8b2bc0d181b0de5e16df50dd344ce64828226bda07728818936782",
                "sha256:beae57a99fa48084532935ee2968b8661db861862ec82c6f21f4acdd6d835073"
            ],
            "markers": "python_version >= '3.7'",
            "version": "==20241021"
        },
        "django": {
            "hashes": [
                "sha256:1a47f7a7a3d43ce64570d350e008d2949abe8c7e21737b351b6a1611277c6d89",
                "sha256:91ceed4e3a6db5aedced65e3c8f963118ea9ba753fc620831c77074e620e7d83"
            ],
            "markers": "python_version >= '3.10'",
            "version": "==5.2"
        },
        "django-import-export": {
            "hashes": [
                "sha256:5514d09636e84e823a42cd5e79292f70f20d6d2feed117a145f5b64a5b44f168",
                "sha256:bd3fe0aa15a2bce9de4be1a2f882e2c4539fdbfdfa16f2052c98dd7aec0f085c"
            ],
            "index": "pypi",
            "markers": "python_version >= '3.9'",
            "version": "==4.3.7"
        },
        "django-tables2": {
            "hashes": [
                "sha256:d9338937797207ffb6f481be2125c5ec3a0bb1858d409c672cc25fc5d654cb22",
                "sha256:fb5dcaa09379cf3947598ec7e1bd5f26ed63aafdee3b23963446763bbeac37bf"
            ],
            "index": "pypi",
            "markers": "python_version >= '3.9'",
            "version": "==2.7.5"
        },
        "sqlparse": {
            "hashes": [
                "sha256:09f67787f56a0b16ecdbde1bfc7f5d9c3371ca683cfeaa8e6ff60b4807ec9272",
                "sha256:cf2196ed3418f3ba5de6af7e82c694a9fbdbfecccdfc72e281548517081f16ca"
            ],
            "markers": "python_version >= '3.8'",
            "version": "==0.5.3"
        },
        "tablib": {
            "hashes": [
                "sha256:35bdb9d4ec7052232f8803908f9c7a9c3c65807188b70618fa7a7d8ccd560b4d",
                "sha256:94d8bcdc65a715a0024a6d5b701a5f31e45bd159269e62c73731de79f048db2b"
            ],
            "index": "pypi",
            "markers": "python_version >= '3.9'",
            "version": "==3.8.0"
        }
    },
    "develop": {}
}
